{
  "requires": true,
  "lockfileVersion": 1,
  "dependencies": {
    "async-validator": {
      "version": "1.8.5",
      "resolved": "https://registry.npmmirror.com/async-validator/-/async-validator-1.8.5.tgz",
      "integrity": "sha512-tXBM+1m056MAX0E8TL2iCjg8WvSyXu0Zc8LNtYqrVeyoL3+esHRZ4SieE9fKQyyU09uONjnMEjrNBMqT0mbvmA==",
      "requires": {
        "babel-runtime": "6.x"
      }
    },
    "asynckit": {
      "version": "file:https:/registry.npmmirror.com/asynckit/-/asynckit-0.4.0.tgz"
    },
    "axios": {
      "version": "file:https:/registry.npmmirror.com/axios/-/axios-1.4.0.tgz",
      "requires": {
        "follow-redirects": "^1.15.0",
        "form-data": "^4.0.0",
        "proxy-from-env": "^1.1.0"
      },
      "dependencies": {
        "follow-redirects": {
          "version": "1.15.2",
          "resolved": "https://registry.npmmirror.com/follow-redirects/-/follow-redirects-1.15.2.tgz"
        },
        "form-data": {
          "version": "4.0.0",
          "resolved": "https://registry.npmmirror.com/form-data/-/form-data-4.0.0.tgz",
          "requires": {
            "asynckit": "^0.4.0",
            "combined-stream": "^1.0.8",
            "mime-types": "^2.1.12"
          },
          "dependencies": {
            "asynckit": {
              "version": "0.4.0",
              "resolved": "https://registry.npmmirror.com/asynckit/-/asynckit-0.4.0.tgz"
            },
            "combined-stream": {
              "version": "1.0.8",
              "resolved": "https://registry.npmmirror.com/combined-stream/-/combined-stream-1.0.8.tgz",
              "requires": {
                "delayed-stream": "~1.0.0"
              },
              "dependencies": {
                "delayed-stream": {
                  "version": "1.0.0",
                  "resolved": "https://registry.npmmirror.com/delayed-stream/-/delayed-stream-1.0.0.tgz"
                }
              }
            },
            "mime-types": {
              "version": "2.1.35",
              "resolved": "https://registry.npmmirror.com/mime-types/-/mime-types-2.1.35.tgz",
              "requires": {
                "mime-db": "1.52.0"
              },
              "dependencies": {
                "mime-db": {
                  "version": "1.52.0",
                  "resolved": "https://registry.npmmirror.com/mime-db/-/mime-db-1.52.0.tgz"
                }
              }
            }
          }
        },
        "proxy-from-env": {
          "version": "1.1.0",
          "resolved": "https://registry.npmmirror.com/proxy-from-env/-/proxy-from-env-1.1.0.tgz"
        }
      }
    },
    "babel-helper-vue-jsx-merge-props": {
      "version": "2.0.3",
      "resolved": "https://registry.npmmirror.com/babel-helper-vue-jsx-merge-props/-/babel-helper-vue-jsx-merge-props-2.0.3.tgz",
      "integrity": "sha512-gsLiKK7Qrb7zYJNgiXKpXblxbV5ffSwR0f5whkPAaBAR4fhi6bwRZxX9wBlIc5M/v8CCkXUbXZL4N/nSE97cqg=="
    },
    "babel-runtime": {
      "version": "6.26.0",
      "resolved": "https://registry.npmmirror.com/babel-runtime/-/babel-runtime-6.26.0.tgz",
      "integrity": "sha512-ITKNuq2wKlW1fJg9sSW52eepoYgZBggvOAHC0u/CYu/qxQ9EVzThCgR69BnSXLHjy2f7SY5zaQ4yt7H9ZVxY2g==",
      "requires": {
        "core-js": "^2.4.0",
        "regenerator-runtime": "^0.11.0"
      }
    },
    "combined-stream": {
      "version": "file:https:/registry.npmmirror.com/combined-stream/-/combined-stream-1.0.8.tgz",
      "requires": {
        "delayed-stream": "~1.0.0"
      },
      "dependencies": {
        "delayed-stream": {
          "version": "1.0.0",
          "resolved": "https://registry.npmmirror.com/delayed-stream/-/delayed-stream-1.0.0.tgz"
        }
      }
    },
    "core-js": {
      "version": "2.6.12",
      "resolved": "https://registry.npmmirror.com/core-js/-/core-js-2.6.12.tgz",
      "integrity": "sha512-Kb2wC0fvsWfQrgk8HU5lW6U/Lcs8+9aaYcy4ZFc6DDlo4nZ7n70dEgE5rtR0oG6ufKDUnrwfWL1mXR5ljDatrQ=="
    },
    "deepmerge": {
      "version": "1.5.2",
      "resolved": "https://registry.npmmirror.com/deepmerge/-/deepmerge-1.5.2.tgz",
      "integrity": "sha512-95k0GDqvBjZavkuvzx/YqVLv/6YYa17fz6ILMSf7neqQITCPbnfEnQvEgMPNjH4kgobe7+WIL0yJEHku+H3qtQ=="
    },
    "delayed-stream": {
      "version": "file:https:/registry.npmmirror.com/delayed-stream/-/delayed-stream-1.0.0.tgz"
    },
    "element-ui": {
      "version": "2.15.13",
      "resolved": "https://registry.npmmirror.com/element-ui/-/element-ui-2.15.13.tgz",
      "integrity": "sha512-LJoatEYX6WV74FqXBss8Xfho9fh9rjDSzrDrTyREdGb1h1R3uRvmLh5jqp2JU137aj4/BgqA3K06RQpQBX33Bg==",
      "requires": {
        "async-validator": "~1.8.1",
        "babel-helper-vue-jsx-merge-props": "^2.0.0",
        "deepmerge": "^1.2.0",
        "normalize-wheel": "^1.0.1",
        "resize-observer-polyfill": "^1.5.0",
        "throttle-debounce": "^1.0.1"
      }
    },
    "follow-redirects": {
      "version": "file:https:/registry.npmmirror.com/follow-redirects/-/follow-redirects-1.15.2.tgz"
    },
    "form-data": {
      "version": "file:https:/registry.npmmirror.com/form-data/-/form-data-4.0.0.tgz",
      "requires": {
        "asynckit": "^0.4.0",
        "combined-stream": "^1.0.8",
        "mime-types": "^2.1.12"
      },
      "dependencies": {
        "asynckit": {
          "version": "0.4.0",
          "resolved": "https://registry.npmmirror.com/asynckit/-/asynckit-0.4.0.tgz"
        },
        "combined-stream": {
          "version": "1.0.8",
          "resolved": "https://registry.npmmirror.com/combined-stream/-/combined-stream-1.0.8.tgz",
          "requires": {
            "delayed-stream": "~1.0.0"
          },
          "dependencies": {}
        },
        "mime-types": {
          "version": "2.1.35",
          "resolved": "https://registry.npmmirror.com/mime-types/-/mime-types-2.1.35.tgz",
          "requires": {
            "mime-db": "1.52.0"
          },
          "dependencies": {}
        }
      }
    },
    "mime-db": {
      "version": "file:https:/registry.npmmirror.com/mime-db/-/mime-db-1.52.0.tgz"
    },
    "mime-types": {
      "version": "file:https:/registry.npmmirror.com/mime-types/-/mime-types-2.1.35.tgz",
      "requires": {
        "mime-db": "1.52.0"
      },
      "dependencies": {
        "mime-db": {
          "version": "1.52.0",
          "resolved": "https://registry.npmmirror.com/mime-db/-/mime-db-1.52.0.tgz"
        }
      }
    },
    "normalize-wheel": {
      "version": "1.0.1",
      "resolved": "https://registry.npmmirror.com/normalize-wheel/-/normalize-wheel-1.0.1.tgz",
      "integrity": "sha512-1OnlAPZ3zgrk8B91HyRj+eVv+kS5u+Z0SCsak6Xil/kmgEia50ga7zfkumayonZrImffAxPU/5WcyGhzetHNPA=="
    },
    "proxy-from-env": {
      "version": "file:https:/registry.npmmirror.com/proxy-from-env/-/proxy-from-env-1.1.0.tgz"
    },
    "regenerator-runtime": {
      "version": "0.11.1",
      "resolved": "https://registry.npmmirror.com/regenerator-runtime/-/regenerator-runtime-0.11.1.tgz",
      "integrity": "sha512-MguG95oij0fC3QV3URf4V2SDYGJhJnJGqvIIgdECeODCT98wSWDAJ94SSuVpYQUoTcGUIL6L4yNB7j1DFFHSBg=="
    },
    "resize-observer-polyfill": {
      "version": "1.5.1",
      "resolved": "https://registry.npmmirror.com/resize-observer-polyfill/-/resize-observer-polyfill-1.5.1.tgz",
      "integrity": "sha512-LwZrotdHOo12nQuZlHEmtuXdqGoOD0OhaxopaNFxWzInpEgaLWoVuAMbTzixuosCx2nEG58ngzW3vxdWoxIgdg=="
    },
    "throttle-debounce": {
      "version": "1.1.0",
      "resolved": "https://registry.npmmirror.com/throttle-debounce/-/throttle-debounce-1.1.0.tgz",
      "integrity": "sha512-XH8UiPCQcWNuk2LYePibW/4qL97+ZQ1AN3FNXwZRBNPPowo/NRU5fAlDCSNBJIYCKbioZfuYtMhG4quqoJhVzg=="
    }
  }
}
